
Microsoft Visual Studio Solution File, Format Version 12.00
# Visual Studio Version 17
VisualStudioVersion = 17.0.31903.59
MinimumVisualStudioVersion = 10.0.40219.1
Project("{FAE04EC0-301F-11D3-BF4B-00C04F79EFBC}") = "AuditlogService", "AuditlogService\AuditlogService.csproj", "{D7BB5A99-98BA-43F6-915D-EE4C0C74F46B}"
EndProject
Project("{FAE04EC0-301F-11D3-BF4B-00C04F79EFBC}") = "HarborManagementAPI", "HarborManagementAPI\HarborManagementAPI.csproj", "{47304D54-A214-4F67-BAC8-143A262C026F}"
EndProject
Project("{FAE04EC0-301F-11D3-BF4B-00C04F79EFBC}") = "ShipsManagementAPI", "ShipsManagementAPI\ShipsManagementAPI.csproj", "{4E518965-686E-4154-8274-90156978BD20}"
EndProject
Project("{FAE04EC0-301F-11D3-BF4B-00C04F79EFBC}") = "HarborManagementEventHandler", "HarborManagementEventHandler\HarborManagementEventHandler.csproj", "{9C004310-9E97-4626-995E-A7651F06CA01}"
EndProject
Project("{FAE04EC0-301F-11D3-BF4B-00C04F79EFBC}") = "ShipManagementEventHandler", "ShipManagementEventHandler\ShipManagementEventHandler.csproj", "{84DD98AE-D7BE-4DA2-B248-3555859C5283}"
EndProject
Global
	GlobalSection(SolutionConfigurationPlatforms) = preSolution
		Debug|Any CPU = Debug|Any CPU
		Release|Any CPU = Release|Any CPU
	EndGlobalSection
	GlobalSection(SolutionProperties) = preSolution
		HideSolutionNode = FALSE
	EndGlobalSection
	GlobalSection(ProjectConfigurationPlatforms) = postSolution
		{D7BB5A99-98BA-43F6-915D-EE4C0C74F46B}.Debug|Any CPU.ActiveCfg = Debug|Any CPU
		{D7BB5A99-98BA-43F6-915D-EE4C0C74F46B}.Debug|Any CPU.Build.0 = Debug|Any CPU
		{D7BB5A99-98BA-43F6-915D-EE4C0C74F46B}.Release|Any CPU.ActiveCfg = Release|Any CPU
		{D7BB5A99-98BA-43F6-915D-EE4C0C74F46B}.Release|Any CPU.Build.0 = Release|Any CPU
		{47304D54-A214-4F67-BAC8-143A262C026F}.Debug|Any CPU.ActiveCfg = Debug|Any CPU
		{47304D54-A214-4F67-BAC8-143A262C026F}.Debug|Any CPU.Build.0 = Debug|Any CPU
		{47304D54-A214-4F67-BAC8-143A262C026F}.Release|Any CPU.ActiveCfg = Release|Any CPU
		{47304D54-A214-4F67-BAC8-143A262C026F}.Release|Any CPU.Build.0 = Release|Any CPU
		{4E518965-686E-4154-8274-90156978BD20}.Debug|Any CPU.ActiveCfg = Debug|Any CPU
		{4E518965-686E-4154-8274-90156978BD20}.Debug|Any CPU.Build.0 = Debug|Any CPU
		{4E518965-686E-4154-8274-90156978BD20}.Release|Any CPU.ActiveCfg = Release|Any CPU
		{4E518965-686E-4154-8274-90156978BD20}.Release|Any CPU.Build.0 = Release|Any CPU
		{9C004310-9E97-4626-995E-A7651F06CA01}.Debug|Any CPU.ActiveCfg = Debug|Any CPU
		{9C004310-9E97-4626-995E-A7651F06CA01}.Debug|Any CPU.Build.0 = Debug|Any CPU
		{9C004310-9E97-4626-995E-A7651F06CA01}.Release|Any CPU.ActiveCfg = Release|Any CPU
		{9C004310-9E97-4626-995E-A7651F06CA01}.Release|Any CPU.Build.0 = Release|Any CPU
		{84DD98AE-D7BE-4DA2-B248-3555859C5283}.Debug|Any CPU.ActiveCfg = Debug|Any CPU
		{84DD98AE-D7BE-4DA2-B248-3555859C5283}.Debug|Any CPU.Build.0 = Debug|Any CPU
		{84DD98AE-D7BE-4DA2-B248-3555859C5283}.Release|Any CPU.ActiveCfg = Release|Any CPU
		{84DD98AE-D7BE-4DA2-B248-3555859C5283}.Release|Any CPU.Build.0 = Release|Any CPU
	EndGlobalSection
EndGlobal
